# THIS IS AN AUTOGENERATED FILE. DO NOT EDIT THIS FILE DIRECTLY.
# yarn lockfile v1


"@types/concat-stream@^1.6.0":
  version "1.6.0"
  resolved "http://registry.npm.taobao.org/@types/concat-stream/download/@types/concat-stream-1.6.0.tgz#394dbe0bb5fee46b38d896735e8b68ef2390d00d"
  integrity sha1-OU2+C7X+5Gs42JZzXoto7yOQ0A0=
  dependencies:
    "@types/node" "*"

"@types/form-data@0.0.33":
  version "0.0.33"
  resolved "http://registry.npm.taobao.org/@types/form-data/download/@types/form-data-0.0.33.tgz#c9ac85b2a5fd18435b8c85d9ecb50e6d6c893ff8"
  integrity sha1-yayFsqX9GENbjIXZ7LUObWyJP/g=
  dependencies:
    "@types/node" "*"

"@types/node@*":
  version "10.12.9"
  resolved "http://registry.npm.taobao.org/@types/node/download/@types/node-10.12.9.tgz#a07bfa74331471e1dc22a47eb72026843f7b95c8"
  integrity sha1-oHv6dDMUceHcIqR+tyAmhD97lcg=

"@types/node@^8.0.0":
  version "8.10.38"
  resolved "http://registry.npm.taobao.org/@types/node/download/@types/node-8.10.38.tgz#e05c201a668492e534b48102aca0294898f449f6"
  integrity sha1-4FwgGmaEkuU0tIECrKApSJj0SfY=

"@types/node@^9.3.0", "@types/node@^9.4.1":
  version "9.6.39"
  resolved "http://registry.npm.taobao.org/@types/node/download/@types/node-9.6.39.tgz#111cb4f5591cb6945aad34733b4e40bfd59b58fc"
  integrity sha1-ERy09VkctpRarTRzO05Av9WbWPw=

"@types/qs@^6.2.31":
  version "6.5.1"
  resolved "http://registry.npm.taobao.org/@types/qs/download/@types/qs-6.5.1.tgz#a38f69c62528d56ba7bd1f91335a8004988d72f7"
  integrity sha1-o49pxiUo1WunvR+RM1qABJiNcvc=

asap@~2.0.6:
  version "2.0.6"
  resolved "http://registry.npm.taobao.org/asap/download/asap-2.0.6.tgz#e50347611d7e690943208bbdafebcbc2fb866d46"
  integrity sha1-5QNHYR1+aQlDIIu9r+vLwvuGbUY=

asynckit@^0.4.0:
  version "0.4.0"
  resolved "http://registry.npm.taobao.org/asynckit/download/asynckit-0.4.0.tgz#c79ed97f7f34cb8f2ba1bc9790bcc366474b4b79"
  integrity sha1-x57Zf380y48robyXkLzDZkdLS3k=

axios@^0.18.0:
  version "0.18.0"
  resolved "http://registry.npm.taobao.org/axios/download/axios-0.18.0.tgz#32d53e4851efdc0a11993b6cd000789d70c05102"
  integrity sha1-MtU+SFHv3AoRmTts0AB4nXDAUQI=
  dependencies:
    follow-redirects "^1.3.0"
    is-buffer "^1.1.5"

buffer-from@^1.0.0:
  version "1.1.1"
  resolved "http://registry.npm.taobao.org/buffer-from/download/buffer-from-1.1.1.tgz#32713bc028f75c02fdb710d7c7bcec1f2c6070ef"
  integrity sha1-MnE7wCj3XAL9txDXx7zsHyxgcO8=

caseless@~0.12.0:
  version "0.12.0"
  resolved "http://registry.npm.taobao.org/caseless/download/caseless-0.12.0.tgz#1b681c21ff84033c826543090689420d187151dc"
  integrity sha1-G2gcIf+EAzyCZUMJBolCDRhxUdw=

combined-stream@^1.0.6:
  version "1.0.7"
  resolved "http://registry.npm.taobao.org/combined-stream/download/combined-stream-1.0.7.tgz#2d1d24317afb8abe95d6d2c0b07b57813539d828"
  integrity sha1-LR0kMXr7ir6V1tLAsHtXgTU52Cg=
  dependencies:
    delayed-stream "~1.0.0"

concat-stream@^1.4.6, concat-stream@^1.6.0:
  version "1.6.2"
  resolved "http://registry.npm.taobao.org/concat-stream/download/concat-stream-1.6.2.tgz#904bdf194cd3122fc675c77fc4ac3d4ff0fd1a34"
  integrity sha1-kEvfGUzTEi/Gdcd/xKw9T/D9GjQ=
  dependencies:
    buffer-from "^1.0.0"
    inherits "^2.0.3"
    readable-stream "^2.2.2"
    typedarray "^0.0.6"

core-util-is@~1.0.0:
  version "1.0.2"
  resolved "http://registry.npm.taobao.org/core-util-is/download/core-util-is-1.0.2.tgz#b5fd54220aa2bc5ab57aab7140c940754503c1a7"
  integrity sha1-tf1UIgqivFq1eqtxQMlAdUUDwac=

debug@=3.1.0:
  version "3.1.0"
  resolved "http://registry.npm.taobao.org/debug/download/debug-3.1.0.tgz#5bb5a0672628b64149566ba16819e61518c67261"
  integrity sha1-W7WgZyYotkFJVmuhaBnmFRjGcmE=
  dependencies:
    ms "2.0.0"

delayed-stream@~1.0.0:
  version "1.0.0"
  resolved "http://registry.npm.taobao.org/delayed-stream/download/delayed-stream-1.0.0.tgz#df3ae199acadfb7d440aaae0b29e2272b24ec619"
  integrity sha1-3zrhmayt+31ECqrgsp4icrJOxhk=

follow-redirects@^1.3.0:
  version "1.5.9"
  resolved "http://registry.npm.taobao.org/follow-redirects/download/follow-redirects-1.5.9.tgz#c9ed9d748b814a39535716e531b9196a845d89c6"
  integrity sha1-ye2ddIuBSjlTVxblMbkZaoRdicY=
  dependencies:
    debug "=3.1.0"

form-data@^2.2.0:
  version "2.3.3"
  resolved "http://registry.npm.taobao.org/form-data/download/form-data-2.3.3.tgz#dcce52c05f644f298c6a7ab936bd724ceffbf3a6"
  integrity sha1-3M5SwF9kTymManq5Nr1yTO/786Y=
  dependencies:
    asynckit "^0.4.0"
    combined-stream "^1.0.6"
    mime-types "^2.1.12"

http-basic@^7.0.0:
  version "7.0.0"
  resolved "http://registry.npm.taobao.org/http-basic/download/http-basic-7.0.0.tgz#82f0a506be942732ec8deebee80e746ef5736dba"
  integrity sha1-gvClBr6UJzLsje6+6A50bvVzbbo=
  dependencies:
    "@types/concat-stream" "^1.6.0"
    "@types/node" "^9.4.1"
    caseless "~0.12.0"
    concat-stream "^1.4.6"
    http-response-object "^3.0.1"
    parse-cache-control "^1.0.1"

http-response-object@^3.0.1:
  version "3.0.1"
  resolved "http://registry.npm.taobao.org/http-response-object/download/http-response-object-3.0.1.tgz#90174d44c27b5e797cf6efe51a043bc889ae64bf"
  integrity sha1-kBdNRMJ7Xnl89u/lGgQ7yImuZL8=
  dependencies:
    "@types/node" "^9.3.0"

inherits@^2.0.3, inherits@~2.0.3:
  version "2.0.3"
  resolved "http://registry.npm.taobao.org/inherits/download/inherits-2.0.3.tgz#633c2c83e3da42a502f52466022480f4208261de"
  integrity sha1-Yzwsg+PaQqUC9SRmAiSA9CCCYd4=

is-buffer@^1.1.5:
  version "1.1.6"
  resolved "http://registry.npm.taobao.org/is-buffer/download/is-buffer-1.1.6.tgz#efaa2ea9daa0d7ab2ea13a97b2b8ad51fefbe8be"
  integrity sha1-76ouqdqg16suoTqXsritUf776L4=

isarray@~1.0.0:
  version "1.0.0"
  resolved "http://registry.npm.taobao.org/isarray/download/isarray-1.0.0.tgz#bb935d48582cba168c06834957a54a3e07124f11"
  integrity sha1-u5NdSFgsuhaMBoNJV6VKPgcSTxE=

mime-db@~1.37.0:
  version "1.37.0"
  resolved "http://registry.npm.taobao.org/mime-db/download/mime-db-1.37.0.tgz#0b6a0ce6fdbe9576e25f1f2d2fde8830dc0ad0d8"
  integrity sha1-C2oM5v2+lXbiXx8tL96IMNwK0Ng=

mime-types@^2.1.12:
  version "2.1.21"
  resolved "http://registry.npm.taobao.org/mime-types/download/mime-types-2.1.21.tgz#28995aa1ecb770742fe6ae7e58f9181c744b3f96"
  integrity sha1-KJlaoey3cHQv5q5+WPkYHHRLP5Y=
  dependencies:
    mime-db "~1.37.0"

ms@2.0.0:
  version "2.0.0"
  resolved "http://registry.npm.taobao.org/ms/download/ms-2.0.0.tgz#5608aeadfc00be6c2901df5f9861788de0d597c8"
  integrity sha1-VgiurfwAvmwpAd9fmGF4jeDVl8g=

parse-cache-control@^1.0.1:
  version "1.0.1"
  resolved "http://registry.npm.taobao.org/parse-cache-control/download/parse-cache-control-1.0.1.tgz#8eeab3e54fa56920fe16ba38f77fa21aacc2d74e"
  integrity sha1-juqz5U+laSD+Fro493+iGqzC104=

process-nextick-args@~2.0.0:
  version "2.0.0"
  resolved "http://registry.npm.taobao.org/process-nextick-args/download/process-nextick-args-2.0.0.tgz#a37d732f4271b4ab1ad070d35508e8290788ffaa"
  integrity sha1-o31zL0JxtKsa0HDTVQjoKQeI/6o=

promise@^8.0.0:
  version "8.0.2"
  resolved "http://registry.npm.taobao.org/promise/download/promise-8.0.2.tgz#9dcd0672192c589477d56891271bdc27547ae9f0"
  integrity sha1-nc0GchksWJR31WiRJxvcJ1R66fA=
  dependencies:
    asap "~2.0.6"

qs@^6.4.0:
  version "6.5.2"
  resolved "http://registry.npm.taobao.org/qs/download/qs-6.5.2.tgz#cb3ae806e8740444584ef154ce8ee98d403f3e36"
  integrity sha1-yzroBuh0BERYTvFUzo7pjUA/PjY=

readable-stream@^2.2.2:
  version "2.3.6"
  resolved "http://registry.npm.taobao.org/readable-stream/download/readable-stream-2.3.6.tgz#b11c27d88b8ff1fbe070643cf94b0c79ae1b0aaf"
  integrity sha1-sRwn2IuP8fvgcGQ8+UsMea4bCq8=
  dependencies:
    core-util-is "~1.0.0"
    inherits "~2.0.3"
    isarray "~1.0.0"
    process-nextick-args "~2.0.0"
    safe-buffer "~5.1.1"
    string_decoder "~1.1.1"
    util-deprecate "~1.0.1"

safe-buffer@~5.1.0, safe-buffer@~5.1.1:
  version "5.1.2"
  resolved "http://registry.npm.taobao.org/safe-buffer/download/safe-buffer-5.1.2.tgz#991ec69d296e0313747d59bdfd2b745c35f8828d"
  integrity sha1-mR7GnSluAxN0fVm9/St0XDX4go0=

string_decoder@~1.1.1:
  version "1.1.1"
  resolved "http://registry.npm.taobao.org/string_decoder/download/string_decoder-1.1.1.tgz#9cf1611ba62685d7030ae9e4ba34149c3af03fc8"
  integrity sha1-nPFhG6YmhdcDCunkujQUnDrwP8g=
  dependencies:
    safe-buffer "~5.1.0"

then-request@^6.0.0:
  version "6.0.0"
  resolved "http://registry.npm.taobao.org/then-request/download/then-request-6.0.0.tgz#2cab198e48f2d8e79c8c1ed260198368a4a0bcba"
  integrity sha1-LKsZjkjy2OecjB7SYBmDaKSgvLo=
  dependencies:
    "@types/concat-stream" "^1.6.0"
    "@types/form-data" "0.0.33"
    "@types/node" "^8.0.0"
    "@types/qs" "^6.2.31"
    caseless "~0.12.0"
    concat-stream "^1.6.0"
    form-data "^2.2.0"
    http-basic "^7.0.0"
    http-response-object "^3.0.1"
    promise "^8.0.0"
    qs "^6.4.0"

typedarray@^0.0.6:
  version "0.0.6"
  resolved "http://registry.npm.taobao.org/typedarray/download/typedarray-0.0.6.tgz#867ac74e3864187b1d3d47d996a78ec5c8830777"
  integrity sha1-hnrHTjhkGHsdPUfZlqeOxciDB3c=

util-deprecate@~1.0.1:
  version "1.0.2"
  resolved "http://registry.npm.taobao.org/util-deprecate/download/util-deprecate-1.0.2.tgz#450d4dc9fa70de732762fbd2d4a28981419a0ccf"
  integrity sha1-RQ1Nyfpw3nMnYvvS1KKJgUGaDM8=
